
Microsoft Visual Studio Solution File, Format Version 12.00
# Visual Studio Version 16
VisualStudioVersion = 16.0.31321.278
MinimumVisualStudioVersion = 10.0.40219.1
Project("{FAE04EC0-301F-11D3-BF4B-00C04F79EFBC}") = "01. PasswordRe", "01. PasswordRe\01. PasswordRe.csproj", "{B1091A4C-2494-4FA3-8CDC-DC2FDB94FC22}"
EndProject
Project("{FAE04EC0-301F-11D3-BF4B-00C04F79EFBC}") = "02. FancyBarco", "02. FancyBarco\02. FancyBarco.csproj", "{2D9F6E32-1E94-4EF4-955F-6C9694463691}"
EndProject
Project("{FAE04EC0-301F-11D3-BF4B-00C04F79EFBC}") = "03. HCLVII", "03. HCLVII\03. HCLVII.csproj", "{45B39CC0-EE95-4FF0-8A65-4D170D55A10E}"
EndProject
Global
	GlobalSection(SolutionConfigurationPlatforms) = preSolution
		Debug|Any CPU = Debug|Any CPU
		Release|Any CPU = Release|Any CPU
	EndGlobalSection
	GlobalSection(ProjectConfigurationPlatforms) = postSolution
		{B1091A4C-2494-4FA3-8CDC-DC2FDB94FC22}.Debug|Any CPU.ActiveCfg = Debug|Any CPU
		{B1091A4C-2494-4FA3-8CDC-DC2FDB94FC22}.Debug|Any CPU.Build.0 = Debug|Any CPU
		{B1091A4C-2494-4FA3-8CDC-DC2FDB94FC22}.Release|Any CPU.ActiveCfg = Release|Any CPU
		{B1091A4C-2494-4FA3-8CDC-DC2FDB94FC22}.Release|Any CPU.Build.0 = Release|Any CPU
		{2D9F6E32-1E94-4EF4-955F-6C9694463691}.Debug|Any CPU.ActiveCfg = Debug|Any CPU
		{2D9F6E32-1E94-4EF4-955F-6C9694463691}.Debug|Any CPU.Build.0 = Debug|Any CPU
		{2D9F6E32-1E94-4EF4-955F-6C9694463691}.Release|Any CPU.ActiveCfg = Release|Any CPU
		{2D9F6E32-1E94-4EF4-955F-6C9694463691}.Release|Any CPU.Build.0 = Release|Any CPU
		{45B39CC0-EE95-4FF0-8A65-4D170D55A10E}.Debug|Any CPU.ActiveCfg = Debug|Any CPU
		{45B39CC0-EE95-4FF0-8A65-4D170D55A10E}.Debug|Any CPU.Build.0 = Debug|Any CPU
		{45B39CC0-EE95-4FF0-8A65-4D170D55A10E}.Release|Any CPU.ActiveCfg = Release|Any CPU
		{45B39CC0-EE95-4FF0-8A65-4D170D55A10E}.Release|Any CPU.Build.0 = Release|Any CPU
	EndGlobalSection
	GlobalSection(SolutionProperties) = preSolution
		HideSolutionNode = FALSE
	EndGlobalSection
	GlobalSection(ExtensibilityGlobals) = postSolution
		SolutionGuid = {B911EF6A-0501-4777-9FAD-606C1240DDE2}
	EndGlobalSection
EndGlobal
