
Microsoft Visual Studio Solution File, Format Version 12.00
# Visual Studio Version 16
VisualStudioVersion = 16.0.31321.278
MinimumVisualStudioVersion = 10.0.40219.1
Project("{FAE04EC0-301F-11D3-BF4B-00C04F79EFBC}") = "01_Meters_to_Kilometers", "01_Meters_to_Kilometers\01_Meters_to_Kilometers.csproj", "{04B3852F-58E4-4EFD-B839-75A54FDDE856}"
EndProject
Project("{FAE04EC0-301F-11D3-BF4B-00C04F79EFBC}") = "02_Pounds_to_Dollars", "02_Pounds_to_Dollars\02_Pounds_to_Dollars.csproj", "{BA227A7D-F582-4062-9506-D955D6A1D5C5}"
EndProject
Project("{FAE04EC0-301F-11D3-BF4B-00C04F79EFBC}") = "03_exact_Sum_of_Real_Numbers", "03_exact_Sum_of_Real_Numbers\03_exact_Sum_of_Real_Numbers.csproj", "{DBDF5E87-3A59-4240-8EA9-C686AFE6DAF4}"
EndProject
Project("{FAE04EC0-301F-11D3-BF4B-00C04F79EFBC}") = "04_Centuries_to_Minutes", "04_Centuries_to_Minutes\04_Centuries_to_Minutes.csproj", "{A5ABCA15-2FAB-4DF4-B0A6-6A1802AC65E5}"
EndProject
Project("{FAE04EC0-301F-11D3-BF4B-00C04F79EFBC}") = "05_Special_Numbers", "05_Special_Numbers\05_Special_Numbers.csproj", "{9AD4D856-F1AC-4D4E-BE2B-FD971A414009}"
EndProject
Project("{FAE04EC0-301F-11D3-BF4B-00C04F79EFBC}") = "06_reversed_Chars", "06_reversed_Chars\06_reversed_Chars.csproj", "{3A7341E6-D5A2-44EA-99BB-C8BECB441690}"
EndProject
Project("{FAE04EC0-301F-11D3-BF4B-00C04F79EFBC}") = "07_Concat_Names", "07_Concat_Names\07_Concat_Names.csproj", "{EBE46BD7-A362-4510-AC31-B87E3167321B}"
EndProject
Project("{FAE04EC0-301F-11D3-BF4B-00C04F79EFBC}") = "08_Town_Info", "08_Town_Info\08_Town_Info.csproj", "{05CE28E3-0C4E-496B-9377-CB80D2A2B0AF}"
EndProject
Project("{FAE04EC0-301F-11D3-BF4B-00C04F79EFBC}") = "09_Chars_to_String", "09_Chars_to_String\09_Chars_to_String.csproj", "{BFF94923-D828-4D76-82DE-792AE7BBF6A0}"
EndProject
Project("{FAE04EC0-301F-11D3-BF4B-00C04F79EFBC}") = "10_Lower_or_Upper", "10_Lower_or_Upper\10_Lower_or_Upper.csproj", "{0EEBA00D-4D27-4EEE-8384-096652B72A6D}"
EndProject
Project("{FAE04EC0-301F-11D3-BF4B-00C04F79EFBC}") = "11_Refractor_Volume_of_Pyramid", "11_Refractor_Volume_of_Pyramid\11_Refractor_Volume_of_Pyramid.csproj", "{167345F5-50E5-4954-B3E5-5EBC7E684CA4}"
EndProject
Project("{FAE04EC0-301F-11D3-BF4B-00C04F79EFBC}") = "12_Refactor_Special_Numbers", "12_Refactor_Special_Numbers\12_Refactor_Special_Numbers.csproj", "{6D492A10-ED4E-45A3-A26C-13FE4819E7BE}"
EndProject
Global
	GlobalSection(SolutionConfigurationPlatforms) = preSolution
		Debug|Any CPU = Debug|Any CPU
		Release|Any CPU = Release|Any CPU
	EndGlobalSection
	GlobalSection(ProjectConfigurationPlatforms) = postSolution
		{04B3852F-58E4-4EFD-B839-75A54FDDE856}.Debug|Any CPU.ActiveCfg = Debug|Any CPU
		{04B3852F-58E4-4EFD-B839-75A54FDDE856}.Debug|Any CPU.Build.0 = Debug|Any CPU
		{04B3852F-58E4-4EFD-B839-75A54FDDE856}.Release|Any CPU.ActiveCfg = Release|Any CPU
		{04B3852F-58E4-4EFD-B839-75A54FDDE856}.Release|Any CPU.Build.0 = Release|Any CPU
		{BA227A7D-F582-4062-9506-D955D6A1D5C5}.Debug|Any CPU.ActiveCfg = Debug|Any CPU
		{BA227A7D-F582-4062-9506-D955D6A1D5C5}.Debug|Any CPU.Build.0 = Debug|Any CPU
		{BA227A7D-F582-4062-9506-D955D6A1D5C5}.Release|Any CPU.ActiveCfg = Release|Any CPU
		{BA227A7D-F582-4062-9506-D955D6A1D5C5}.Release|Any CPU.Build.0 = Release|Any CPU
		{DBDF5E87-3A59-4240-8EA9-C686AFE6DAF4}.Debug|Any CPU.ActiveCfg = Debug|Any CPU
		{DBDF5E87-3A59-4240-8EA9-C686AFE6DAF4}.Debug|Any CPU.Build.0 = Debug|Any CPU
		{DBDF5E87-3A59-4240-8EA9-C686AFE6DAF4}.Release|Any CPU.ActiveCfg = Release|Any CPU
		{DBDF5E87-3A59-4240-8EA9-C686AFE6DAF4}.Release|Any CPU.Build.0 = Release|Any CPU
		{A5ABCA15-2FAB-4DF4-B0A6-6A1802AC65E5}.Debug|Any CPU.ActiveCfg = Debug|Any CPU
		{A5ABCA15-2FAB-4DF4-B0A6-6A1802AC65E5}.Debug|Any CPU.Build.0 = Debug|Any CPU
		{A5ABCA15-2FAB-4DF4-B0A6-6A1802AC65E5}.Release|Any CPU.ActiveCfg = Release|Any CPU
		{A5ABCA15-2FAB-4DF4-B0A6-6A1802AC65E5}.Release|Any CPU.Build.0 = Release|Any CPU
		{9AD4D856-F1AC-4D4E-BE2B-FD971A414009}.Debug|Any CPU.ActiveCfg = Debug|Any CPU
		{9AD4D856-F1AC-4D4E-BE2B-FD971A414009}.Debug|Any CPU.Build.0 = Debug|Any CPU
		{9AD4D856-F1AC-4D4E-BE2B-FD971A414009}.Release|Any CPU.ActiveCfg = Release|Any CPU
		{9AD4D856-F1AC-4D4E-BE2B-FD971A414009}.Release|Any CPU.Build.0 = Release|Any CPU
		{3A7341E6-D5A2-44EA-99BB-C8BECB441690}.Debug|Any CPU.ActiveCfg = Debug|Any CPU
		{3A7341E6-D5A2-44EA-99BB-C8BECB441690}.Debug|Any CPU.Build.0 = Debug|Any CPU
		{3A7341E6-D5A2-44EA-99BB-C8BECB441690}.Release|Any CPU.ActiveCfg = Release|Any CPU
		{3A7341E6-D5A2-44EA-99BB-C8BECB441690}.Release|Any CPU.Build.0 = Release|Any CPU
		{EBE46BD7-A362-4510-AC31-B87E3167321B}.Debug|Any CPU.ActiveCfg = Debug|Any CPU
		{EBE46BD7-A362-4510-AC31-B87E3167321B}.Debug|Any CPU.Build.0 = Debug|Any CPU
		{EBE46BD7-A362-4510-AC31-B87E3167321B}.Release|Any CPU.ActiveCfg = Release|Any CPU
		{EBE46BD7-A362-4510-AC31-B87E3167321B}.Release|Any CPU.Build.0 = Release|Any CPU
		{05CE28E3-0C4E-496B-9377-CB80D2A2B0AF}.Debug|Any CPU.ActiveCfg = Debug|Any CPU
		{05CE28E3-0C4E-496B-9377-CB80D2A2B0AF}.Debug|Any CPU.Build.0 = Debug|Any CPU
		{05CE28E3-0C4E-496B-9377-CB80D2A2B0AF}.Release|Any CPU.ActiveCfg = Release|Any CPU
		{05CE28E3-0C4E-496B-9377-CB80D2A2B0AF}.Release|Any CPU.Build.0 = Release|Any CPU
		{BFF94923-D828-4D76-82DE-792AE7BBF6A0}.Debug|Any CPU.ActiveCfg = Debug|Any CPU
		{BFF94923-D828-4D76-82DE-792AE7BBF6A0}.Debug|Any CPU.Build.0 = Debug|Any CPU
		{BFF94923-D828-4D76-82DE-792AE7BBF6A0}.Release|Any CPU.ActiveCfg = Release|Any CPU
		{BFF94923-D828-4D76-82DE-792AE7BBF6A0}.Release|Any CPU.Build.0 = Release|Any CPU
		{0EEBA00D-4D27-4EEE-8384-096652B72A6D}.Debug|Any CPU.ActiveCfg = Debug|Any CPU
		{0EEBA00D-4D27-4EEE-8384-096652B72A6D}.Debug|Any CPU.Build.0 = Debug|Any CPU
		{0EEBA00D-4D27-4EEE-8384-096652B72A6D}.Release|Any CPU.ActiveCfg = Release|Any CPU
		{0EEBA00D-4D27-4EEE-8384-096652B72A6D}.Release|Any CPU.Build.0 = Release|Any CPU
		{167345F5-50E5-4954-B3E5-5EBC7E684CA4}.Debug|Any CPU.ActiveCfg = Debug|Any CPU
		{167345F5-50E5-4954-B3E5-5EBC7E684CA4}.Debug|Any CPU.Build.0 = Debug|Any CPU
		{167345F5-50E5-4954-B3E5-5EBC7E684CA4}.Release|Any CPU.ActiveCfg = Release|Any CPU
		{167345F5-50E5-4954-B3E5-5EBC7E684CA4}.Release|Any CPU.Build.0 = Release|Any CPU
		{6D492A10-ED4E-45A3-A26C-13FE4819E7BE}.Debug|Any CPU.ActiveCfg = Debug|Any CPU
		{6D492A10-ED4E-45A3-A26C-13FE4819E7BE}.Debug|Any CPU.Build.0 = Debug|Any CPU
		{6D492A10-ED4E-45A3-A26C-13FE4819E7BE}.Release|Any CPU.ActiveCfg = Release|Any CPU
		{6D492A10-ED4E-45A3-A26C-13FE4819E7BE}.Release|Any CPU.Build.0 = Release|Any CPU
	EndGlobalSection
	GlobalSection(SolutionProperties) = preSolution
		HideSolutionNode = FALSE
	EndGlobalSection
	GlobalSection(ExtensibilityGlobals) = postSolution
		SolutionGuid = {902C2DB5-EA9E-4A0F-B173-2E483219E491}
	EndGlobalSection
EndGlobal
