
Microsoft Visual Studio Solution File, Format Version 12.00
# Visual Studio Version 16
VisualStudioVersion = 16.0.31321.278
MinimumVisualStudioVersion = 10.0.40219.1
Project("{9A19103F-16F7-4668-BE54-9A1E7A4F7556}") = "Car", "1. Car\Car.csproj", "{7EEA97CE-A78C-4FBA-A9EC-E23AC7C04C12}"
EndProject
Project("{2150E333-8FDC-42A3-9474-1A3956D46DE8}") = "CarManufacturer", "CarManufacturer", "{EF4C0CD4-A0B5-4D74-BC5D-F5189D6A5F84}"
EndProject
Global
	GlobalSection(SolutionConfigurationPlatforms) = preSolution
		Debug|Any CPU = Debug|Any CPU
		Release|Any CPU = Release|Any CPU
	EndGlobalSection
	GlobalSection(ProjectConfigurationPlatforms) = postSolution
		{7EEA97CE-A78C-4FBA-A9EC-E23AC7C04C12}.Debug|Any CPU.ActiveCfg = Debug|Any CPU
		{7EEA97CE-A78C-4FBA-A9EC-E23AC7C04C12}.Debug|Any CPU.Build.0 = Debug|Any CPU
		{7EEA97CE-A78C-4FBA-A9EC-E23AC7C04C12}.Release|Any CPU.ActiveCfg = Release|Any CPU
		{7EEA97CE-A78C-4FBA-A9EC-E23AC7C04C12}.Release|Any CPU.Build.0 = Release|Any CPU
	EndGlobalSection
	GlobalSection(SolutionProperties) = preSolution
		HideSolutionNode = FALSE
	EndGlobalSection
	GlobalSection(NestedProjects) = preSolution
		{7EEA97CE-A78C-4FBA-A9EC-E23AC7C04C12} = {EF4C0CD4-A0B5-4D74-BC5D-F5189D6A5F84}
	EndGlobalSection
	GlobalSection(ExtensibilityGlobals) = postSolution
		SolutionGuid = {95683051-7193-41EA-9272-A6266AB69210}
	EndGlobalSection
EndGlobal
