
Microsoft Visual Studio Solution File, Format Version 12.00
# Visual Studio Version 16
VisualStudioVersion = 16.0.31321.278
MinimumVisualStudioVersion = 10.0.40219.1
Project("{9A19103F-16F7-4668-BE54-9A1E7A4F7556}") = "01. TheImiG", "01. TheImiG\01. TheImiG.csproj", "{94155D47-9956-4057-860F-E992560158AF}"
EndProject
Project("{9A19103F-16F7-4668-BE54-9A1E7A4F7556}") = "02. AdAstra", "02. AdAstra\02. AdAstra.csproj", "{391910E5-A439-4E87-934D-E7D642624CCD}"
EndProject
Project("{FAE04EC0-301F-11D3-BF4B-00C04F79EFBC}") = "03. ThePian", "03. ThePian\03. ThePian.csproj", "{89E3B262-156B-4DDE-9954-EA160DD97483}"
EndProject
Global
	GlobalSection(SolutionConfigurationPlatforms) = preSolution
		Debug|Any CPU = Debug|Any CPU
		Release|Any CPU = Release|Any CPU
	EndGlobalSection
	GlobalSection(ProjectConfigurationPlatforms) = postSolution
		{94155D47-9956-4057-860F-E992560158AF}.Debug|Any CPU.ActiveCfg = Debug|Any CPU
		{94155D47-9956-4057-860F-E992560158AF}.Debug|Any CPU.Build.0 = Debug|Any CPU
		{94155D47-9956-4057-860F-E992560158AF}.Release|Any CPU.ActiveCfg = Release|Any CPU
		{94155D47-9956-4057-860F-E992560158AF}.Release|Any CPU.Build.0 = Release|Any CPU
		{391910E5-A439-4E87-934D-E7D642624CCD}.Debug|Any CPU.ActiveCfg = Debug|Any CPU
		{391910E5-A439-4E87-934D-E7D642624CCD}.Debug|Any CPU.Build.0 = Debug|Any CPU
		{391910E5-A439-4E87-934D-E7D642624CCD}.Release|Any CPU.ActiveCfg = Release|Any CPU
		{391910E5-A439-4E87-934D-E7D642624CCD}.Release|Any CPU.Build.0 = Release|Any CPU
		{89E3B262-156B-4DDE-9954-EA160DD97483}.Debug|Any CPU.ActiveCfg = Debug|Any CPU
		{89E3B262-156B-4DDE-9954-EA160DD97483}.Debug|Any CPU.Build.0 = Debug|Any CPU
		{89E3B262-156B-4DDE-9954-EA160DD97483}.Release|Any CPU.ActiveCfg = Release|Any CPU
		{89E3B262-156B-4DDE-9954-EA160DD97483}.Release|Any CPU.Build.0 = Release|Any CPU
	EndGlobalSection
	GlobalSection(SolutionProperties) = preSolution
		HideSolutionNode = FALSE
	EndGlobalSection
	GlobalSection(ExtensibilityGlobals) = postSolution
		SolutionGuid = {76F69AAA-E80C-47A9-A3A2-B45D6B7CB61F}
	EndGlobalSection
EndGlobal
