
Microsoft Visual Studio Solution File, Format Version 12.00
# Visual Studio Version 16
VisualStudioVersion = 16.0.31321.278
MinimumVisualStudioVersion = 10.0.40219.1
Project("{9A19103F-16F7-4668-BE54-9A1E7A4F7556}") = "01. WorldTour", "01. WorldTour\01. WorldTour.csproj", "{A2EEA946-0646-4562-AF5B-CA99E2D9C48D}"
EndProject
Project("{FAE04EC0-301F-11D3-BF4B-00C04F79EFBC}") = "02. DestinatiM", "02. DestinatiM\02. DestinatiM.csproj", "{F7E8B54D-9DDA-4B6E-96DB-0050C331B2E5}"
EndProject
Project("{FAE04EC0-301F-11D3-BF4B-00C04F79EFBC}") = "03. PlantDis", "03. PlantDis\03. PlantDis.csproj", "{647B1B35-3689-4389-8349-E028E8DF5239}"
EndProject
Global
	GlobalSection(SolutionConfigurationPlatforms) = preSolution
		Debug|Any CPU = Debug|Any CPU
		Release|Any CPU = Release|Any CPU
	EndGlobalSection
	GlobalSection(ProjectConfigurationPlatforms) = postSolution
		{A2EEA946-0646-4562-AF5B-CA99E2D9C48D}.Debug|Any CPU.ActiveCfg = Debug|Any CPU
		{A2EEA946-0646-4562-AF5B-CA99E2D9C48D}.Debug|Any CPU.Build.0 = Debug|Any CPU
		{A2EEA946-0646-4562-AF5B-CA99E2D9C48D}.Release|Any CPU.ActiveCfg = Release|Any CPU
		{A2EEA946-0646-4562-AF5B-CA99E2D9C48D}.Release|Any CPU.Build.0 = Release|Any CPU
		{F7E8B54D-9DDA-4B6E-96DB-0050C331B2E5}.Debug|Any CPU.ActiveCfg = Debug|Any CPU
		{F7E8B54D-9DDA-4B6E-96DB-0050C331B2E5}.Debug|Any CPU.Build.0 = Debug|Any CPU
		{F7E8B54D-9DDA-4B6E-96DB-0050C331B2E5}.Release|Any CPU.ActiveCfg = Release|Any CPU
		{F7E8B54D-9DDA-4B6E-96DB-0050C331B2E5}.Release|Any CPU.Build.0 = Release|Any CPU
		{647B1B35-3689-4389-8349-E028E8DF5239}.Debug|Any CPU.ActiveCfg = Debug|Any CPU
		{647B1B35-3689-4389-8349-E028E8DF5239}.Debug|Any CPU.Build.0 = Debug|Any CPU
		{647B1B35-3689-4389-8349-E028E8DF5239}.Release|Any CPU.ActiveCfg = Release|Any CPU
		{647B1B35-3689-4389-8349-E028E8DF5239}.Release|Any CPU.Build.0 = Release|Any CPU
	EndGlobalSection
	GlobalSection(SolutionProperties) = preSolution
		HideSolutionNode = FALSE
	EndGlobalSection
	GlobalSection(ExtensibilityGlobals) = postSolution
		SolutionGuid = {71F7BC94-FA6A-4935-8113-6410A45B814D}
	EndGlobalSection
EndGlobal
