
Microsoft Visual Studio Solution File, Format Version 12.00
# Visual Studio Version 16
VisualStudioVersion = 16.0.31321.278
MinimumVisualStudioVersion = 10.0.40219.1
Project("{FAE04EC0-301F-11D3-BF4B-00C04F79EFBC}") = "01. Reverse_Strings", "01. Reverse_Strings\01. Reverse_Strings.csproj", "{FE5AD46E-5226-40FD-8636-CFB59B444AFE}"
EndProject
Project("{FAE04EC0-301F-11D3-BF4B-00C04F79EFBC}") = "02. RepeatStrings", "02. RepeatStrings\02. RepeatStrings.csproj", "{0F0F4250-247A-4276-8427-E023B0A09662}"
EndProject
Project("{FAE04EC0-301F-11D3-BF4B-00C04F79EFBC}") = "03. Substring", "03. Substring\03. Substring.csproj", "{C7DE4BE9-908A-459C-8862-7FF08F66776E}"
EndProject
Project("{FAE04EC0-301F-11D3-BF4B-00C04F79EFBC}") = "04. TextFilter", "04. TextFilter\04. TextFilter.csproj", "{AAC15D2C-4639-479E-A574-77A102C2AC15}"
EndProject
Project("{FAE04EC0-301F-11D3-BF4B-00C04F79EFBC}") = "05. DigitsLettersandOther", "05. DigitsLettersandOther\05. DigitsLettersandOther.csproj", "{AD450443-EEE0-4247-A144-0D79AB8A2C5C}"
EndProject
Global
	GlobalSection(SolutionConfigurationPlatforms) = preSolution
		Debug|Any CPU = Debug|Any CPU
		Release|Any CPU = Release|Any CPU
	EndGlobalSection
	GlobalSection(ProjectConfigurationPlatforms) = postSolution
		{FE5AD46E-5226-40FD-8636-CFB59B444AFE}.Debug|Any CPU.ActiveCfg = Debug|Any CPU
		{FE5AD46E-5226-40FD-8636-CFB59B444AFE}.Debug|Any CPU.Build.0 = Debug|Any CPU
		{FE5AD46E-5226-40FD-8636-CFB59B444AFE}.Release|Any CPU.ActiveCfg = Release|Any CPU
		{FE5AD46E-5226-40FD-8636-CFB59B444AFE}.Release|Any CPU.Build.0 = Release|Any CPU
		{0F0F4250-247A-4276-8427-E023B0A09662}.Debug|Any CPU.ActiveCfg = Debug|Any CPU
		{0F0F4250-247A-4276-8427-E023B0A09662}.Debug|Any CPU.Build.0 = Debug|Any CPU
		{0F0F4250-247A-4276-8427-E023B0A09662}.Release|Any CPU.ActiveCfg = Release|Any CPU
		{0F0F4250-247A-4276-8427-E023B0A09662}.Release|Any CPU.Build.0 = Release|Any CPU
		{C7DE4BE9-908A-459C-8862-7FF08F66776E}.Debug|Any CPU.ActiveCfg = Debug|Any CPU
		{C7DE4BE9-908A-459C-8862-7FF08F66776E}.Debug|Any CPU.Build.0 = Debug|Any CPU
		{C7DE4BE9-908A-459C-8862-7FF08F66776E}.Release|Any CPU.ActiveCfg = Release|Any CPU
		{C7DE4BE9-908A-459C-8862-7FF08F66776E}.Release|Any CPU.Build.0 = Release|Any CPU
		{AAC15D2C-4639-479E-A574-77A102C2AC15}.Debug|Any CPU.ActiveCfg = Debug|Any CPU
		{AAC15D2C-4639-479E-A574-77A102C2AC15}.Debug|Any CPU.Build.0 = Debug|Any CPU
		{AAC15D2C-4639-479E-A574-77A102C2AC15}.Release|Any CPU.ActiveCfg = Release|Any CPU
		{AAC15D2C-4639-479E-A574-77A102C2AC15}.Release|Any CPU.Build.0 = Release|Any CPU
		{AD450443-EEE0-4247-A144-0D79AB8A2C5C}.Debug|Any CPU.ActiveCfg = Debug|Any CPU
		{AD450443-EEE0-4247-A144-0D79AB8A2C5C}.Debug|Any CPU.Build.0 = Debug|Any CPU
		{AD450443-EEE0-4247-A144-0D79AB8A2C5C}.Release|Any CPU.ActiveCfg = Release|Any CPU
		{AD450443-EEE0-4247-A144-0D79AB8A2C5C}.Release|Any CPU.Build.0 = Release|Any CPU
	EndGlobalSection
	GlobalSection(SolutionProperties) = preSolution
		HideSolutionNode = FALSE
	EndGlobalSection
	GlobalSection(ExtensibilityGlobals) = postSolution
		SolutionGuid = {C35B0722-199F-4BF4-A973-40F48CC32257}
	EndGlobalSection
EndGlobal
