
Microsoft Visual Studio Solution File, Format Version 12.00
# Visual Studio Version 16
VisualStudioVersion = 16.0.31321.278
MinimumVisualStudioVersion = 10.0.40219.1
Project("{FAE04EC0-301F-11D3-BF4B-00C04F79EFBC}") = "01. DataTypeFinder", "01. DataTypeFinder\01. DataTypeFinder.csproj", "{96F8D7BB-E1B3-45F2-A82F-0324628EFE97}"
EndProject
Project("{FAE04EC0-301F-11D3-BF4B-00C04F79EFBC}") = "02. FromLeftTheRight", "02. FromLeftTheRight\02. FromLeftTheRight.csproj", "{50C776EE-5680-45EC-9EFB-AD16799EB245}"
EndProject
Project("{FAE04EC0-301F-11D3-BF4B-00C04F79EFBC}") = "03. FloatingEquality", "03. FloatingEquality\03. FloatingEquality.csproj", "{CDB9734C-DC9A-4504-ACE8-0DC69B044FCE}"
EndProject
Global
	GlobalSection(SolutionConfigurationPlatforms) = preSolution
		Debug|Any CPU = Debug|Any CPU
		Release|Any CPU = Release|Any CPU
	EndGlobalSection
	GlobalSection(ProjectConfigurationPlatforms) = postSolution
		{96F8D7BB-E1B3-45F2-A82F-0324628EFE97}.Debug|Any CPU.ActiveCfg = Debug|Any CPU
		{96F8D7BB-E1B3-45F2-A82F-0324628EFE97}.Debug|Any CPU.Build.0 = Debug|Any CPU
		{96F8D7BB-E1B3-45F2-A82F-0324628EFE97}.Release|Any CPU.ActiveCfg = Release|Any CPU
		{96F8D7BB-E1B3-45F2-A82F-0324628EFE97}.Release|Any CPU.Build.0 = Release|Any CPU
		{50C776EE-5680-45EC-9EFB-AD16799EB245}.Debug|Any CPU.ActiveCfg = Debug|Any CPU
		{50C776EE-5680-45EC-9EFB-AD16799EB245}.Debug|Any CPU.Build.0 = Debug|Any CPU
		{50C776EE-5680-45EC-9EFB-AD16799EB245}.Release|Any CPU.ActiveCfg = Release|Any CPU
		{50C776EE-5680-45EC-9EFB-AD16799EB245}.Release|Any CPU.Build.0 = Release|Any CPU
		{CDB9734C-DC9A-4504-ACE8-0DC69B044FCE}.Debug|Any CPU.ActiveCfg = Debug|Any CPU
		{CDB9734C-DC9A-4504-ACE8-0DC69B044FCE}.Debug|Any CPU.Build.0 = Debug|Any CPU
		{CDB9734C-DC9A-4504-ACE8-0DC69B044FCE}.Release|Any CPU.ActiveCfg = Release|Any CPU
		{CDB9734C-DC9A-4504-ACE8-0DC69B044FCE}.Release|Any CPU.Build.0 = Release|Any CPU
	EndGlobalSection
	GlobalSection(SolutionProperties) = preSolution
		HideSolutionNode = FALSE
	EndGlobalSection
	GlobalSection(ExtensibilityGlobals) = postSolution
		SolutionGuid = {772358C7-0D34-4657-8467-AFBB58C9C571}
	EndGlobalSection
EndGlobal
