
Microsoft Visual Studio Solution File, Format Version 12.00
# Visual Studio Version 16
VisualStudioVersion = 16.0.31321.278
MinimumVisualStudioVersion = 10.0.40219.1
Project("{9A19103F-16F7-4668-BE54-9A1E7A4F7556}") = "01. Problem_One", "01. Problem_One\01. Problem_One.csproj", "{1C22A9AD-EE15-4210-AD97-18DE7A5B4DD2}"
EndProject
Project("{9A19103F-16F7-4668-BE54-9A1E7A4F7556}") = "02. Problem_Two", "02. Problem_Two\02. Problem_Two.csproj", "{71DC3207-E521-4AD1-BF4B-0055666AADF9}"
EndProject
Project("{9A19103F-16F7-4668-BE54-9A1E7A4F7556}") = "03. Problem_Three", "03. Problem_Three\03. Problem_Three.csproj", "{A431BB0B-EC97-4107-B5D9-0ADF7C806C2F}"
EndProject
Global
	GlobalSection(SolutionConfigurationPlatforms) = preSolution
		Debug|Any CPU = Debug|Any CPU
		Release|Any CPU = Release|Any CPU
	EndGlobalSection
	GlobalSection(ProjectConfigurationPlatforms) = postSolution
		{1C22A9AD-EE15-4210-AD97-18DE7A5B4DD2}.Debug|Any CPU.ActiveCfg = Debug|Any CPU
		{1C22A9AD-EE15-4210-AD97-18DE7A5B4DD2}.Debug|Any CPU.Build.0 = Debug|Any CPU
		{1C22A9AD-EE15-4210-AD97-18DE7A5B4DD2}.Release|Any CPU.ActiveCfg = Release|Any CPU
		{1C22A9AD-EE15-4210-AD97-18DE7A5B4DD2}.Release|Any CPU.Build.0 = Release|Any CPU
		{71DC3207-E521-4AD1-BF4B-0055666AADF9}.Debug|Any CPU.ActiveCfg = Debug|Any CPU
		{71DC3207-E521-4AD1-BF4B-0055666AADF9}.Debug|Any CPU.Build.0 = Debug|Any CPU
		{71DC3207-E521-4AD1-BF4B-0055666AADF9}.Release|Any CPU.ActiveCfg = Release|Any CPU
		{71DC3207-E521-4AD1-BF4B-0055666AADF9}.Release|Any CPU.Build.0 = Release|Any CPU
		{A431BB0B-EC97-4107-B5D9-0ADF7C806C2F}.Debug|Any CPU.ActiveCfg = Debug|Any CPU
		{A431BB0B-EC97-4107-B5D9-0ADF7C806C2F}.Debug|Any CPU.Build.0 = Debug|Any CPU
		{A431BB0B-EC97-4107-B5D9-0ADF7C806C2F}.Release|Any CPU.ActiveCfg = Release|Any CPU
		{A431BB0B-EC97-4107-B5D9-0ADF7C806C2F}.Release|Any CPU.Build.0 = Release|Any CPU
	EndGlobalSection
	GlobalSection(SolutionProperties) = preSolution
		HideSolutionNode = FALSE
	EndGlobalSection
	GlobalSection(ExtensibilityGlobals) = postSolution
		SolutionGuid = {5B56F07D-EC1A-48A0-97A3-0B5569E7ED38}
	EndGlobalSection
EndGlobal
