
Microsoft Visual Studio Solution File, Format Version 12.00
# Visual Studio Version 16
VisualStudioVersion = 16.0.31321.278
MinimumVisualStudioVersion = 10.0.40219.1
Project("{FAE04EC0-301F-11D3-BF4B-00C04F79EFBC}") = "01. ActivaK", "01. ActivaK\01. ActivaK.csproj", "{B1BC6D5A-CDD0-47D7-A523-6F2297042478}"
EndProject
Project("{FAE04EC0-301F-11D3-BF4B-00C04F79EFBC}") = "02. EmojiDet", "02. EmojiDet\02. EmojiDet.csproj", "{D8650471-D73D-469D-ACFE-2C47DA9A44FF}"
EndProject
Project("{FAE04EC0-301F-11D3-BF4B-00C04F79EFBC}") = "03. P!rates", "03. P!rates\03. P!rates.csproj", "{F4BFC6F6-4F7C-4AED-B365-A3AC0A1B47DE}"
EndProject
Global
	GlobalSection(SolutionConfigurationPlatforms) = preSolution
		Debug|Any CPU = Debug|Any CPU
		Release|Any CPU = Release|Any CPU
	EndGlobalSection
	GlobalSection(ProjectConfigurationPlatforms) = postSolution
		{B1BC6D5A-CDD0-47D7-A523-6F2297042478}.Debug|Any CPU.ActiveCfg = Debug|Any CPU
		{B1BC6D5A-CDD0-47D7-A523-6F2297042478}.Debug|Any CPU.Build.0 = Debug|Any CPU
		{B1BC6D5A-CDD0-47D7-A523-6F2297042478}.Release|Any CPU.ActiveCfg = Release|Any CPU
		{B1BC6D5A-CDD0-47D7-A523-6F2297042478}.Release|Any CPU.Build.0 = Release|Any CPU
		{D8650471-D73D-469D-ACFE-2C47DA9A44FF}.Debug|Any CPU.ActiveCfg = Debug|Any CPU
		{D8650471-D73D-469D-ACFE-2C47DA9A44FF}.Debug|Any CPU.Build.0 = Debug|Any CPU
		{D8650471-D73D-469D-ACFE-2C47DA9A44FF}.Release|Any CPU.ActiveCfg = Release|Any CPU
		{D8650471-D73D-469D-ACFE-2C47DA9A44FF}.Release|Any CPU.Build.0 = Release|Any CPU
		{F4BFC6F6-4F7C-4AED-B365-A3AC0A1B47DE}.Debug|Any CPU.ActiveCfg = Debug|Any CPU
		{F4BFC6F6-4F7C-4AED-B365-A3AC0A1B47DE}.Debug|Any CPU.Build.0 = Debug|Any CPU
		{F4BFC6F6-4F7C-4AED-B365-A3AC0A1B47DE}.Release|Any CPU.ActiveCfg = Release|Any CPU
		{F4BFC6F6-4F7C-4AED-B365-A3AC0A1B47DE}.Release|Any CPU.Build.0 = Release|Any CPU
	EndGlobalSection
	GlobalSection(SolutionProperties) = preSolution
		HideSolutionNode = FALSE
	EndGlobalSection
	GlobalSection(ExtensibilityGlobals) = postSolution
		SolutionGuid = {571ADAB1-D945-433D-9857-3B404B7EABAD}
	EndGlobalSection
EndGlobal
