
Microsoft Visual Studio Solution File, Format Version 12.00
# Visual Studio Version 16
VisualStudioVersion = 16.0.31321.278
MinimumVisualStudioVersion = 10.0.40219.1
Project("{9A19103F-16F7-4668-BE54-9A1E7A4F7556}") = "01. DataTypes", "01. DataTypes\01. DataTypes.csproj", "{B741807B-8CA7-4E19-8977-9D424AFBC116}"
EndProject
Project("{9A19103F-16F7-4668-BE54-9A1E7A4F7556}") = "02. CenterPoint", "02. CenterPoint\02. CenterPoint.csproj", "{00171325-5902-437A-88EA-677BC90B8259}"
EndProject
Project("{9A19103F-16F7-4668-BE54-9A1E7A4F7556}") = "05. MultiplicationSign", "05. MultiplicationSign\05. MultiplicationSign.csproj", "{8150F6C8-3B97-4433-8094-6652D81EA936}"
EndProject
Project("{FAE04EC0-301F-11D3-BF4B-00C04F79EFBC}") = "03. LongerLine", "03. LongerLine\03. LongerLine.csproj", "{A42FACF2-90B4-4AD2-9817-68924285587F}"
EndProject
Project("{FAE04EC0-301F-11D3-BF4B-00C04F79EFBC}") = "04. TribonacciSequence", "04. TribonacciSequence\04. TribonacciSequence.csproj", "{DA7872D5-9796-4455-A270-C75EF5021D36}"
EndProject
Global
	GlobalSection(SolutionConfigurationPlatforms) = preSolution
		Debug|Any CPU = Debug|Any CPU
		Release|Any CPU = Release|Any CPU
	EndGlobalSection
	GlobalSection(ProjectConfigurationPlatforms) = postSolution
		{B741807B-8CA7-4E19-8977-9D424AFBC116}.Debug|Any CPU.ActiveCfg = Debug|Any CPU
		{B741807B-8CA7-4E19-8977-9D424AFBC116}.Debug|Any CPU.Build.0 = Debug|Any CPU
		{B741807B-8CA7-4E19-8977-9D424AFBC116}.Release|Any CPU.ActiveCfg = Release|Any CPU
		{B741807B-8CA7-4E19-8977-9D424AFBC116}.Release|Any CPU.Build.0 = Release|Any CPU
		{00171325-5902-437A-88EA-677BC90B8259}.Debug|Any CPU.ActiveCfg = Debug|Any CPU
		{00171325-5902-437A-88EA-677BC90B8259}.Debug|Any CPU.Build.0 = Debug|Any CPU
		{00171325-5902-437A-88EA-677BC90B8259}.Release|Any CPU.ActiveCfg = Release|Any CPU
		{00171325-5902-437A-88EA-677BC90B8259}.Release|Any CPU.Build.0 = Release|Any CPU
		{8150F6C8-3B97-4433-8094-6652D81EA936}.Debug|Any CPU.ActiveCfg = Debug|Any CPU
		{8150F6C8-3B97-4433-8094-6652D81EA936}.Debug|Any CPU.Build.0 = Debug|Any CPU
		{8150F6C8-3B97-4433-8094-6652D81EA936}.Release|Any CPU.ActiveCfg = Release|Any CPU
		{8150F6C8-3B97-4433-8094-6652D81EA936}.Release|Any CPU.Build.0 = Release|Any CPU
		{A42FACF2-90B4-4AD2-9817-68924285587F}.Debug|Any CPU.ActiveCfg = Debug|Any CPU
		{A42FACF2-90B4-4AD2-9817-68924285587F}.Debug|Any CPU.Build.0 = Debug|Any CPU
		{A42FACF2-90B4-4AD2-9817-68924285587F}.Release|Any CPU.ActiveCfg = Release|Any CPU
		{A42FACF2-90B4-4AD2-9817-68924285587F}.Release|Any CPU.Build.0 = Release|Any CPU
		{DA7872D5-9796-4455-A270-C75EF5021D36}.Debug|Any CPU.ActiveCfg = Debug|Any CPU
		{DA7872D5-9796-4455-A270-C75EF5021D36}.Debug|Any CPU.Build.0 = Debug|Any CPU
		{DA7872D5-9796-4455-A270-C75EF5021D36}.Release|Any CPU.ActiveCfg = Release|Any CPU
		{DA7872D5-9796-4455-A270-C75EF5021D36}.Release|Any CPU.Build.0 = Release|Any CPU
	EndGlobalSection
	GlobalSection(SolutionProperties) = preSolution
		HideSolutionNode = FALSE
	EndGlobalSection
	GlobalSection(ExtensibilityGlobals) = postSolution
		SolutionGuid = {90D48BE4-BDED-47BD-8FEB-3A4C0259786F}
	EndGlobalSection
EndGlobal
