
Microsoft Visual Studio Solution File, Format Version 12.00
# Visual Studio Version 16
VisualStudioVersion = 16.0.31321.278
MinimumVisualStudioVersion = 10.0.40219.1
Project("{FAE04EC0-301F-11D3-BF4B-00C04F79EFBC}") = "IteratorsAndComparators", "IteratorsAndComparators\IteratorsAndComparators.csproj", "{9CEE9B7F-529A-45B0-9A3C-13DCE62A7AB5}"
EndProject
Global
	GlobalSection(SolutionConfigurationPlatforms) = preSolution
		Debug|Any CPU = Debug|Any CPU
		Release|Any CPU = Release|Any CPU
	EndGlobalSection
	GlobalSection(ProjectConfigurationPlatforms) = postSolution
		{9CEE9B7F-529A-45B0-9A3C-13DCE62A7AB5}.Debug|Any CPU.ActiveCfg = Debug|Any CPU
		{9CEE9B7F-529A-45B0-9A3C-13DCE62A7AB5}.Debug|Any CPU.Build.0 = Debug|Any CPU
		{9CEE9B7F-529A-45B0-9A3C-13DCE62A7AB5}.Release|Any CPU.ActiveCfg = Release|Any CPU
		{9CEE9B7F-529A-45B0-9A3C-13DCE62A7AB5}.Release|Any CPU.Build.0 = Release|Any CPU
	EndGlobalSection
	GlobalSection(SolutionProperties) = preSolution
		HideSolutionNode = FALSE
	EndGlobalSection
	GlobalSection(ExtensibilityGlobals) = postSolution
		SolutionGuid = {C90FB3CA-58F8-46AD-A86E-DB41E4A85D42}
	EndGlobalSection
EndGlobal
