
Microsoft Visual Studio Solution File, Format Version 12.00
# Visual Studio Version 16
VisualStudioVersion = 16.0.31321.278
MinimumVisualStudioVersion = 10.0.40219.1
Project("{FAE04EC0-301F-11D3-BF4B-00C04F79EFBC}") = "01.FlowerWreaths", "01.FlowerWreaths\01.FlowerWreaths.csproj", "{AB82BC3C-DC04-4D20-8642-F33AAEC2F6A3}"
EndProject
Project("{FAE04EC0-301F-11D3-BF4B-00C04F79EFBC}") = "02.Bee", "02.Bee\02.Bee.csproj", "{90E684EE-27CB-4A00-9C5B-5DCA91C5FF4D}"
EndProject
Global
	GlobalSection(SolutionConfigurationPlatforms) = preSolution
		Debug|Any CPU = Debug|Any CPU
		Release|Any CPU = Release|Any CPU
	EndGlobalSection
	GlobalSection(ProjectConfigurationPlatforms) = postSolution
		{AB82BC3C-DC04-4D20-8642-F33AAEC2F6A3}.Debug|Any CPU.ActiveCfg = Debug|Any CPU
		{AB82BC3C-DC04-4D20-8642-F33AAEC2F6A3}.Debug|Any CPU.Build.0 = Debug|Any CPU
		{AB82BC3C-DC04-4D20-8642-F33AAEC2F6A3}.Release|Any CPU.ActiveCfg = Release|Any CPU
		{AB82BC3C-DC04-4D20-8642-F33AAEC2F6A3}.Release|Any CPU.Build.0 = Release|Any CPU
		{90E684EE-27CB-4A00-9C5B-5DCA91C5FF4D}.Debug|Any CPU.ActiveCfg = Debug|Any CPU
		{90E684EE-27CB-4A00-9C5B-5DCA91C5FF4D}.Debug|Any CPU.Build.0 = Debug|Any CPU
		{90E684EE-27CB-4A00-9C5B-5DCA91C5FF4D}.Release|Any CPU.ActiveCfg = Release|Any CPU
		{90E684EE-27CB-4A00-9C5B-5DCA91C5FF4D}.Release|Any CPU.Build.0 = Release|Any CPU
	EndGlobalSection
	GlobalSection(SolutionProperties) = preSolution
		HideSolutionNode = FALSE
	EndGlobalSection
	GlobalSection(ExtensibilityGlobals) = postSolution
		SolutionGuid = {665013CF-C075-4B57-A160-8AA3FA4B4A0E}
	EndGlobalSection
EndGlobal
