
Microsoft Visual Studio Solution File, Format Version 12.00
# Visual Studio Version 16
VisualStudioVersion = 16.0.31321.278
MinimumVisualStudioVersion = 10.0.40219.1
Project("{FAE04EC0-301F-11D3-BF4B-00C04F79EFBC}") = "01.Cooking", "01.Cooking\01.Cooking.csproj", "{F68F4533-1C3E-43CC-A371-8173F4FCD0EC}"
EndProject
Project("{FAE04EC0-301F-11D3-BF4B-00C04F79EFBC}") = "02.Selling", "02.Selling\02.Selling.csproj", "{F43DDD5D-F46A-4CCE-B678-963FBE0E24E8}"
EndProject
Project("{9A19103F-16F7-4668-BE54-9A1E7A4F7556}") = "BakeryOpenning", "03.Openning\BakeryOpenning.csproj", "{BA187B17-3ABA-4F8F-AE5C-192F44C8C660}"
EndProject
Global
	GlobalSection(SolutionConfigurationPlatforms) = preSolution
		Debug|Any CPU = Debug|Any CPU
		Release|Any CPU = Release|Any CPU
	EndGlobalSection
	GlobalSection(ProjectConfigurationPlatforms) = postSolution
		{F68F4533-1C3E-43CC-A371-8173F4FCD0EC}.Debug|Any CPU.ActiveCfg = Debug|Any CPU
		{F68F4533-1C3E-43CC-A371-8173F4FCD0EC}.Debug|Any CPU.Build.0 = Debug|Any CPU
		{F68F4533-1C3E-43CC-A371-8173F4FCD0EC}.Release|Any CPU.ActiveCfg = Release|Any CPU
		{F68F4533-1C3E-43CC-A371-8173F4FCD0EC}.Release|Any CPU.Build.0 = Release|Any CPU
		{F43DDD5D-F46A-4CCE-B678-963FBE0E24E8}.Debug|Any CPU.ActiveCfg = Debug|Any CPU
		{F43DDD5D-F46A-4CCE-B678-963FBE0E24E8}.Debug|Any CPU.Build.0 = Debug|Any CPU
		{F43DDD5D-F46A-4CCE-B678-963FBE0E24E8}.Release|Any CPU.ActiveCfg = Release|Any CPU
		{F43DDD5D-F46A-4CCE-B678-963FBE0E24E8}.Release|Any CPU.Build.0 = Release|Any CPU
		{BA187B17-3ABA-4F8F-AE5C-192F44C8C660}.Debug|Any CPU.ActiveCfg = Debug|Any CPU
		{BA187B17-3ABA-4F8F-AE5C-192F44C8C660}.Debug|Any CPU.Build.0 = Debug|Any CPU
		{BA187B17-3ABA-4F8F-AE5C-192F44C8C660}.Release|Any CPU.ActiveCfg = Release|Any CPU
		{BA187B17-3ABA-4F8F-AE5C-192F44C8C660}.Release|Any CPU.Build.0 = Release|Any CPU
	EndGlobalSection
	GlobalSection(SolutionProperties) = preSolution
		HideSolutionNode = FALSE
	EndGlobalSection
	GlobalSection(ExtensibilityGlobals) = postSolution
		SolutionGuid = {B5240C5C-6744-472F-8FF6-14B17B77C069}
	EndGlobalSection
EndGlobal
