
Microsoft Visual Studio Solution File, Format Version 12.00
# Visual Studio Version 16
VisualStudioVersion = 16.0.30804.86
MinimumVisualStudioVersion = 10.0.40219.1
Project("{FAE04EC0-301F-11D3-BF4B-00C04F79EFBC}") = "excellentResult", "excellentResult\excellentResult.csproj", "{E323AEDF-29A5-4E24-8807-F76D9C7B88F8}"
EndProject
Project("{FAE04EC0-301F-11D3-BF4B-00C04F79EFBC}") = "greaterNumber", "greaterNumber\greaterNumber.csproj", "{E7540311-5F24-4CC9-85BC-45DE6F12CC18}"
EndProject
Project("{FAE04EC0-301F-11D3-BF4B-00C04F79EFBC}") = "evenOrOdd", "evenOrOdd\evenOrOdd.csproj", "{7D5FE68B-5D17-4549-89A4-0CBEFC145ECD}"
EndProject
Project("{FAE04EC0-301F-11D3-BF4B-00C04F79EFBC}") = "number100_200", "number100_200\number100_200.csproj", "{4F7C188A-2982-4549-9B83-083B825B3A8B}"
EndProject
Project("{FAE04EC0-301F-11D3-BF4B-00C04F79EFBC}") = "passwordGuess", "passwordGuess\passwordGuess.csproj", "{42BCE059-AD57-4AED-8A33-9F2E6E22CEA4}"
EndProject
Project("{FAE04EC0-301F-11D3-BF4B-00C04F79EFBC}") = "areaOfFigures", "areaOfFigures\areaOfFigures.csproj", "{363B36D1-A209-4497-96F3-4B717E3ED288}"
EndProject
Project("{FAE04EC0-301F-11D3-BF4B-00C04F79EFBC}") = "toyShop", "toyShop\toyShop.csproj", "{3746FEF9-9616-464D-9309-31040C5C13EA}"
EndProject
Global
	GlobalSection(SolutionConfigurationPlatforms) = preSolution
		Debug|Any CPU = Debug|Any CPU
		Release|Any CPU = Release|Any CPU
	EndGlobalSection
	GlobalSection(ProjectConfigurationPlatforms) = postSolution
		{E323AEDF-29A5-4E24-8807-F76D9C7B88F8}.Debug|Any CPU.ActiveCfg = Debug|Any CPU
		{E323AEDF-29A5-4E24-8807-F76D9C7B88F8}.Debug|Any CPU.Build.0 = Debug|Any CPU
		{E323AEDF-29A5-4E24-8807-F76D9C7B88F8}.Release|Any CPU.ActiveCfg = Release|Any CPU
		{E323AEDF-29A5-4E24-8807-F76D9C7B88F8}.Release|Any CPU.Build.0 = Release|Any CPU
		{E7540311-5F24-4CC9-85BC-45DE6F12CC18}.Debug|Any CPU.ActiveCfg = Debug|Any CPU
		{E7540311-5F24-4CC9-85BC-45DE6F12CC18}.Debug|Any CPU.Build.0 = Debug|Any CPU
		{E7540311-5F24-4CC9-85BC-45DE6F12CC18}.Release|Any CPU.ActiveCfg = Release|Any CPU
		{E7540311-5F24-4CC9-85BC-45DE6F12CC18}.Release|Any CPU.Build.0 = Release|Any CPU
		{7D5FE68B-5D17-4549-89A4-0CBEFC145ECD}.Debug|Any CPU.ActiveCfg = Debug|Any CPU
		{7D5FE68B-5D17-4549-89A4-0CBEFC145ECD}.Debug|Any CPU.Build.0 = Debug|Any CPU
		{7D5FE68B-5D17-4549-89A4-0CBEFC145ECD}.Release|Any CPU.ActiveCfg = Release|Any CPU
		{7D5FE68B-5D17-4549-89A4-0CBEFC145ECD}.Release|Any CPU.Build.0 = Release|Any CPU
		{4F7C188A-2982-4549-9B83-083B825B3A8B}.Debug|Any CPU.ActiveCfg = Debug|Any CPU
		{4F7C188A-2982-4549-9B83-083B825B3A8B}.Debug|Any CPU.Build.0 = Debug|Any CPU
		{4F7C188A-2982-4549-9B83-083B825B3A8B}.Release|Any CPU.ActiveCfg = Release|Any CPU
		{4F7C188A-2982-4549-9B83-083B825B3A8B}.Release|Any CPU.Build.0 = Release|Any CPU
		{42BCE059-AD57-4AED-8A33-9F2E6E22CEA4}.Debug|Any CPU.ActiveCfg = Debug|Any CPU
		{42BCE059-AD57-4AED-8A33-9F2E6E22CEA4}.Debug|Any CPU.Build.0 = Debug|Any CPU
		{42BCE059-AD57-4AED-8A33-9F2E6E22CEA4}.Release|Any CPU.ActiveCfg = Release|Any CPU
		{42BCE059-AD57-4AED-8A33-9F2E6E22CEA4}.Release|Any CPU.Build.0 = Release|Any CPU
		{363B36D1-A209-4497-96F3-4B717E3ED288}.Debug|Any CPU.ActiveCfg = Debug|Any CPU
		{363B36D1-A209-4497-96F3-4B717E3ED288}.Debug|Any CPU.Build.0 = Debug|Any CPU
		{363B36D1-A209-4497-96F3-4B717E3ED288}.Release|Any CPU.ActiveCfg = Release|Any CPU
		{363B36D1-A209-4497-96F3-4B717E3ED288}.Release|Any CPU.Build.0 = Release|Any CPU
		{3746FEF9-9616-464D-9309-31040C5C13EA}.Debug|Any CPU.ActiveCfg = Debug|Any CPU
		{3746FEF9-9616-464D-9309-31040C5C13EA}.Debug|Any CPU.Build.0 = Debug|Any CPU
		{3746FEF9-9616-464D-9309-31040C5C13EA}.Release|Any CPU.ActiveCfg = Release|Any CPU
		{3746FEF9-9616-464D-9309-31040C5C13EA}.Release|Any CPU.Build.0 = Release|Any CPU
	EndGlobalSection
	GlobalSection(SolutionProperties) = preSolution
		HideSolutionNode = FALSE
	EndGlobalSection
	GlobalSection(ExtensibilityGlobals) = postSolution
		SolutionGuid = {1455D78A-1409-4931-8308-55536B10C0AD}
	EndGlobalSection
EndGlobal
