
Microsoft Visual Studio Solution File, Format Version 12.00
# Visual Studio Version 16
VisualStudioVersion = 16.0.31321.278
MinimumVisualStudioVersion = 10.0.40219.1
Project("{FAE04EC0-301F-11D3-BF4B-00C04F79EFBC}") = "01. SoftUniRecep", "01. SoftUniRecep\01. SoftUniRecep.csproj", "{DEF6CCF3-8108-465B-8B87-429F9AE2F3F1}"
EndProject
Project("{FAE04EC0-301F-11D3-BF4B-00C04F79EFBC}") = "02. ArrayModifier", "02. ArrayModifier\02. ArrayModifier.csproj", "{016ABD97-91D5-4A4F-AA40-92F4EA89C975}"
EndProject
Project("{FAE04EC0-301F-11D3-BF4B-00C04F79EFBC}") = "03. Numbers", "03. Numbers\03. Numbers.csproj", "{7F84E83D-55D3-4606-9C2C-6934176D4E92}"
EndProject
Global
	GlobalSection(SolutionConfigurationPlatforms) = preSolution
		Debug|Any CPU = Debug|Any CPU
		Release|Any CPU = Release|Any CPU
	EndGlobalSection
	GlobalSection(ProjectConfigurationPlatforms) = postSolution
		{DEF6CCF3-8108-465B-8B87-429F9AE2F3F1}.Debug|Any CPU.ActiveCfg = Debug|Any CPU
		{DEF6CCF3-8108-465B-8B87-429F9AE2F3F1}.Debug|Any CPU.Build.0 = Debug|Any CPU
		{DEF6CCF3-8108-465B-8B87-429F9AE2F3F1}.Release|Any CPU.ActiveCfg = Release|Any CPU
		{DEF6CCF3-8108-465B-8B87-429F9AE2F3F1}.Release|Any CPU.Build.0 = Release|Any CPU
		{016ABD97-91D5-4A4F-AA40-92F4EA89C975}.Debug|Any CPU.ActiveCfg = Debug|Any CPU
		{016ABD97-91D5-4A4F-AA40-92F4EA89C975}.Debug|Any CPU.Build.0 = Debug|Any CPU
		{016ABD97-91D5-4A4F-AA40-92F4EA89C975}.Release|Any CPU.ActiveCfg = Release|Any CPU
		{016ABD97-91D5-4A4F-AA40-92F4EA89C975}.Release|Any CPU.Build.0 = Release|Any CPU
		{7F84E83D-55D3-4606-9C2C-6934176D4E92}.Debug|Any CPU.ActiveCfg = Debug|Any CPU
		{7F84E83D-55D3-4606-9C2C-6934176D4E92}.Debug|Any CPU.Build.0 = Debug|Any CPU
		{7F84E83D-55D3-4606-9C2C-6934176D4E92}.Release|Any CPU.ActiveCfg = Release|Any CPU
		{7F84E83D-55D3-4606-9C2C-6934176D4E92}.Release|Any CPU.Build.0 = Release|Any CPU
	EndGlobalSection
	GlobalSection(SolutionProperties) = preSolution
		HideSolutionNode = FALSE
	EndGlobalSection
	GlobalSection(ExtensibilityGlobals) = postSolution
		SolutionGuid = {8A7B00F1-D56F-4BD6-BA5C-69CA2AE2DF67}
	EndGlobalSection
EndGlobal
